
Microsoft Visual Studio Solution File, Format Version 12.00
# Visual Studio Version 17
VisualStudioVersion = 17.11.35312.102
MinimumVisualStudioVersion = 10.0.40219.1
Project("{FAE04EC0-301F-11D3-BF4B-00C04F79EFBC}") = "firstweb", "firstweb\firstweb.csproj", "{C0E3E680-E472-4BA8-ADE1-0C1A1A9EA320}"
EndProject
Global
	GlobalSection(SolutionConfigurationPlatforms) = preSolution
		Debug|Any CPU = Debug|Any CPU
		Release|Any CPU = Release|Any CPU
	EndGlobalSection
	GlobalSection(ProjectConfigurationPlatforms) = postSolution
		{C0E3E680-E472-4BA8-ADE1-0C1A1A9EA320}.Debug|Any CPU.ActiveCfg = Debug|Any CPU
		{C0E3E680-E472-4BA8-ADE1-0C1A1A9EA320}.Debug|Any CPU.Build.0 = Debug|Any CPU
		{C0E3E680-E472-4BA8-ADE1-0C1A1A9EA320}.Release|Any CPU.ActiveCfg = Release|Any CPU
		{C0E3E680-E472-4BA8-ADE1-0C1A1A9EA320}.Release|Any CPU.Build.0 = Release|Any CPU
	EndGlobalSection
	GlobalSection(SolutionProperties) = preSolution
		HideSolutionNode = FALSE
	EndGlobalSection
	GlobalSection(ExtensibilityGlobals) = postSolution
		SolutionGuid = {AAFA06CB-3CBD-46FC-91D9-0290CA664041}
	EndGlobalSection
EndGlobal
